
Microsoft Visual Studio Solution File, Format Version 12.00
# Visual Studio 15
VisualStudioVersion = 15.0.28010.0
MinimumVisualStudioVersion = 10.0.40219.1
Project("{FAE04EC0-301F-11D3-BF4B-00C04F79EFBC}") = "Pixelisator", "Pixelisator\Pixelisator.csproj", "{812F232F-F170-4CBB-81FF-C513ED1E56DA}"
EndProject
Global
	GlobalSection(SolutionConfigurationPlatforms) = preSolution
		Debug|Any CPU = Debug|Any CPU
		Release|Any CPU = Release|Any CPU
	EndGlobalSection
	GlobalSection(ProjectConfigurationPlatforms) = postSolution
		{812F232F-F170-4CBB-81FF-C513ED1E56DA}.Debug|Any CPU.ActiveCfg = Debug|Any CPU
		{812F232F-F170-4CBB-81FF-C513ED1E56DA}.Debug|Any CPU.Build.0 = Debug|Any CPU
		{812F232F-F170-4CBB-81FF-C513ED1E56DA}.Release|Any CPU.ActiveCfg = Release|Any CPU
		{812F232F-F170-4CBB-81FF-C513ED1E56DA}.Release|Any CPU.Build.0 = Release|Any CPU
	EndGlobalSection
	GlobalSection(SolutionProperties) = preSolution
		HideSolutionNode = FALSE
	EndGlobalSection
	GlobalSection(ExtensibilityGlobals) = postSolution
		SolutionGuid = {97536AB3-E133-434C-B079-66540133B930}
	EndGlobalSection
EndGlobal
